
Microsoft Visual Studio Solution File, Format Version 12.00
# Visual Studio Version 17
VisualStudioVersion = 17.1.32421.90
MinimumVisualStudioVersion = 10.0.40219.1
Project("{FAE04EC0-301F-11D3-BF4B-00C04F79EFBC}") = "AppNetflix.Android", "AppNetflix.Android\AppNetflix.Android.csproj", "{A4887DA8-0314-4B7A-89FF-17645393A197}"
EndProject
Project("{FAE04EC0-301F-11D3-BF4B-00C04F79EFBC}") = "AppNetflix.iOS", "AppNetflix.iOS\AppNetflix.iOS.csproj", "{B181B86E-6D2E-462D-B789-C61A5B00DF70}"
EndProject
Project("{FAE04EC0-301F-11D3-BF4B-00C04F79EFBC}") = "AppNetflix", "AppNetflix\AppNetflix.csproj", "{8AA1F6EE-F9D5-4F3C-94A4-90BC1DE27DF6}"
EndProject
Global
	GlobalSection(SolutionConfigurationPlatforms) = preSolution
		Debug|Any CPU = Debug|Any CPU
		Debug|iPhone = Debug|iPhone
		Debug|iPhoneSimulator = Debug|iPhoneSimulator
		Release|Any CPU = Release|Any CPU
		Release|iPhone = Release|iPhone
		Release|iPhoneSimulator = Release|iPhoneSimulator
	EndGlobalSection
	GlobalSection(ProjectConfigurationPlatforms) = postSolution
		{A4887DA8-0314-4B7A-89FF-17645393A197}.Debug|Any CPU.ActiveCfg = Debug|Any CPU
		{A4887DA8-0314-4B7A-89FF-17645393A197}.Debug|Any CPU.Build.0 = Debug|Any CPU
		{A4887DA8-0314-4B7A-89FF-17645393A197}.Debug|Any CPU.Deploy.0 = Debug|Any CPU
		{A4887DA8-0314-4B7A-89FF-17645393A197}.Debug|iPhone.ActiveCfg = Debug|Any CPU
		{A4887DA8-0314-4B7A-89FF-17645393A197}.Debug|iPhone.Build.0 = Debug|Any CPU
		{A4887DA8-0314-4B7A-89FF-17645393A197}.Debug|iPhone.Deploy.0 = Debug|Any CPU
		{A4887DA8-0314-4B7A-89FF-17645393A197}.Debug|iPhoneSimulator.ActiveCfg = Debug|Any CPU
		{A4887DA8-0314-4B7A-89FF-17645393A197}.Debug|iPhoneSimulator.Build.0 = Debug|Any CPU
		{A4887DA8-0314-4B7A-89FF-17645393A197}.Debug|iPhoneSimulator.Deploy.0 = Debug|Any CPU
		{A4887DA8-0314-4B7A-89FF-17645393A197}.Release|Any CPU.ActiveCfg = Release|Any CPU
		{A4887DA8-0314-4B7A-89FF-17645393A197}.Release|Any CPU.Build.0 = Release|Any CPU
		{A4887DA8-0314-4B7A-89FF-17645393A197}.Release|Any CPU.Deploy.0 = Release|Any CPU
		{A4887DA8-0314-4B7A-89FF-17645393A197}.Release|iPhone.ActiveCfg = Release|Any CPU
		{A4887DA8-0314-4B7A-89FF-17645393A197}.Release|iPhone.Build.0 = Release|Any CPU
		{A4887DA8-0314-4B7A-89FF-17645393A197}.Release|iPhone.Deploy.0 = Release|Any CPU
		{A4887DA8-0314-4B7A-89FF-17645393A197}.Release|iPhoneSimulator.ActiveCfg = Release|Any CPU
		{A4887DA8-0314-4B7A-89FF-17645393A197}.Release|iPhoneSimulator.Build.0 = Release|Any CPU
		{A4887DA8-0314-4B7A-89FF-17645393A197}.Release|iPhoneSimulator.Deploy.0 = Release|Any CPU
		{B181B86E-6D2E-462D-B789-C61A5B00DF70}.Debug|Any CPU.ActiveCfg = Debug|iPhone
		{B181B86E-6D2E-462D-B789-C61A5B00DF70}.Debug|Any CPU.Build.0 = Debug|iPhone
		{B181B86E-6D2E-462D-B789-C61A5B00DF70}.Debug|Any CPU.Deploy.0 = Debug|iPhone
		{B181B86E-6D2E-462D-B789-C61A5B00DF70}.Debug|iPhone.ActiveCfg = Debug|iPhone
		{B181B86E-6D2E-462D-B789-C61A5B00DF70}.Debug|iPhone.Build.0 = Debug|iPhone
		{B181B86E-6D2E-462D-B789-C61A5B00DF70}.Debug|iPhone.Deploy.0 = Debug|iPhone
		{B181B86E-6D2E-462D-B789-C61A5B00DF70}.Debug|iPhoneSimulator.ActiveCfg = Debug|iPhoneSimulator
		{B181B86E-6D2E-462D-B789-C61A5B00DF70}.Debug|iPhoneSimulator.Build.0 = Debug|iPhoneSimulator
		{B181B86E-6D2E-462D-B789-C61A5B00DF70}.Debug|iPhoneSimulator.Deploy.0 = Debug|iPhoneSimulator
		{B181B86E-6D2E-462D-B789-C61A5B00DF70}.Release|Any CPU.ActiveCfg = Release|iPhoneSimulator
		{B181B86E-6D2E-462D-B789-C61A5B00DF70}.Release|Any CPU.Build.0 = Release|iPhoneSimulator
		{B181B86E-6D2E-462D-B789-C61A5B00DF70}.Release|Any CPU.Deploy.0 = Release|iPhoneSimulator
		{B181B86E-6D2E-462D-B789-C61A5B00DF70}.Release|iPhone.ActiveCfg = Release|iPhone
		{B181B86E-6D2E-462D-B789-C61A5B00DF70}.Release|iPhone.Build.0 = Release|iPhone
		{B181B86E-6D2E-462D-B789-C61A5B00DF70}.Release|iPhone.Deploy.0 = Release|iPhone
		{B181B86E-6D2E-462D-B789-C61A5B00DF70}.Release|iPhoneSimulator.ActiveCfg = Release|iPhoneSimulator
		{B181B86E-6D2E-462D-B789-C61A5B00DF70}.Release|iPhoneSimulator.Build.0 = Release|iPhoneSimulator
		{B181B86E-6D2E-462D-B789-C61A5B00DF70}.Release|iPhoneSimulator.Deploy.0 = Release|iPhoneSimulator
		{8AA1F6EE-F9D5-4F3C-94A4-90BC1DE27DF6}.Debug|Any CPU.ActiveCfg = Debug|Any CPU
		{8AA1F6EE-F9D5-4F3C-94A4-90BC1DE27DF6}.Debug|Any CPU.Build.0 = Debug|Any CPU
		{8AA1F6EE-F9D5-4F3C-94A4-90BC1DE27DF6}.Debug|Any CPU.Deploy.0 = Debug|Any CPU
		{8AA1F6EE-F9D5-4F3C-94A4-90BC1DE27DF6}.Debug|iPhone.ActiveCfg = Debug|Any CPU
		{8AA1F6EE-F9D5-4F3C-94A4-90BC1DE27DF6}.Debug|iPhone.Build.0 = Debug|Any CPU
		{8AA1F6EE-F9D5-4F3C-94A4-90BC1DE27DF6}.Debug|iPhone.Deploy.0 = Debug|Any CPU
		{8AA1F6EE-F9D5-4F3C-94A4-90BC1DE27DF6}.Debug|iPhoneSimulator.ActiveCfg = Debug|Any CPU
		{8AA1F6EE-F9D5-4F3C-94A4-90BC1DE27DF6}.Debug|iPhoneSimulator.Build.0 = Debug|Any CPU
		{8AA1F6EE-F9D5-4F3C-94A4-90BC1DE27DF6}.Debug|iPhoneSimulator.Deploy.0 = Debug|Any CPU
		{8AA1F6EE-F9D5-4F3C-94A4-90BC1DE27DF6}.Release|Any CPU.ActiveCfg = Release|Any CPU
		{8AA1F6EE-F9D5-4F3C-94A4-90BC1DE27DF6}.Release|Any CPU.Build.0 = Release|Any CPU
		{8AA1F6EE-F9D5-4F3C-94A4-90BC1DE27DF6}.Release|Any CPU.Deploy.0 = Release|Any CPU
		{8AA1F6EE-F9D5-4F3C-94A4-90BC1DE27DF6}.Release|iPhone.ActiveCfg = Release|Any CPU
		{8AA1F6EE-F9D5-4F3C-94A4-90BC1DE27DF6}.Release|iPhone.Build.0 = Release|Any CPU
		{8AA1F6EE-F9D5-4F3C-94A4-90BC1DE27DF6}.Release|iPhone.Deploy.0 = Release|Any CPU
		{8AA1F6EE-F9D5-4F3C-94A4-90BC1DE27DF6}.Release|iPhoneSimulator.ActiveCfg = Release|Any CPU
		{8AA1F6EE-F9D5-4F3C-94A4-90BC1DE27DF6}.Release|iPhoneSimulator.Build.0 = Release|Any CPU
		{8AA1F6EE-F9D5-4F3C-94A4-90BC1DE27DF6}.Release|iPhoneSimulator.Deploy.0 = Release|Any CPU
	EndGlobalSection
	GlobalSection(SolutionProperties) = preSolution
		HideSolutionNode = FALSE
	EndGlobalSection
	GlobalSection(ExtensibilityGlobals) = postSolution
		SolutionGuid = {4E1DEBCC-CD41-4D8C-B404-053DCE8B6C92}
	EndGlobalSection
EndGlobal
